
Microsoft Visual Studio Solution File, Format Version 12.00
# Visual Studio Version 17
VisualStudioVersion = 17.10.34916.146
MinimumVisualStudioVersion = 10.0.40219.1
Project("{2150E333-8FDC-42A3-9474-1A3956D46DE8}") = "src", "src", "{85445F2E-3A1D-45A8-BAEB-B1EBDC738692}"
EndProject
Project("{2150E333-8FDC-42A3-9474-1A3956D46DE8}") = "Api", "Api", "{109033F7-9304-4A27-B4A7-2ED1E66AB92C}"
EndProject
Project("{2150E333-8FDC-42A3-9474-1A3956D46DE8}") = "App", "App", "{46456E47-DD6B-48CC-A7FF-317F95E2E598}"
EndProject
Project("{FAE04EC0-301F-11D3-BF4B-00C04F79EFBC}") = "LMS.Api", "src\Api\LMS.Api\LMS.Api\LMS.Api.csproj", "{327DBD70-9C42-4189-999E-661C1E14BC87}"
EndProject
Project("{FAE04EC0-301F-11D3-BF4B-00C04F79EFBC}") = "LMS.App", "src\App\LMS.App\LMS.App.csproj", "{C323E1D3-7BD7-4BBC-B446-BADF5ABDBFCD}"
EndProject
Project("{FAE04EC0-301F-11D3-BF4B-00C04F79EFBC}") = "LMS.Application", "LMS.Application\LMS.Application.csproj", "{ACDF816E-1B6F-4298-917E-A72042E38C2A}"
EndProject
Project("{FAE04EC0-301F-11D3-BF4B-00C04F79EFBC}") = "LMS.Domain", "LMS.Domain\LMS.Domain.csproj", "{AD7053C4-1368-4EF6-B216-2458F0EF8CF3}"
EndProject
Project("{FAE04EC0-301F-11D3-BF4B-00C04F79EFBC}") = "LMS.Infrastructure", "LMS.Infrastructure\LMS.Infrastructure.csproj", "{6C509C7E-CF67-424B-8FD6-0D6B4CDAAAC5}"
EndProject
Project("{FAE04EC0-301F-11D3-BF4B-00C04F79EFBC}") = "LMS.loC.Configuration", "LMS.loC.Configuration\LMS.loC.Configuration.csproj", "{526CE234-40D2-4F34-B45B-652EE7C1D9F3}"
EndProject
Global
	GlobalSection(SolutionConfigurationPlatforms) = preSolution
		Debug|Any CPU = Debug|Any CPU
		Release|Any CPU = Release|Any CPU
	EndGlobalSection
	GlobalSection(ProjectConfigurationPlatforms) = postSolution
		{327DBD70-9C42-4189-999E-661C1E14BC87}.Debug|Any CPU.ActiveCfg = Debug|Any CPU
		{327DBD70-9C42-4189-999E-661C1E14BC87}.Debug|Any CPU.Build.0 = Debug|Any CPU
		{327DBD70-9C42-4189-999E-661C1E14BC87}.Release|Any CPU.ActiveCfg = Release|Any CPU
		{327DBD70-9C42-4189-999E-661C1E14BC87}.Release|Any CPU.Build.0 = Release|Any CPU
		{C323E1D3-7BD7-4BBC-B446-BADF5ABDBFCD}.Debug|Any CPU.ActiveCfg = Debug|Any CPU
		{C323E1D3-7BD7-4BBC-B446-BADF5ABDBFCD}.Debug|Any CPU.Build.0 = Debug|Any CPU
		{C323E1D3-7BD7-4BBC-B446-BADF5ABDBFCD}.Release|Any CPU.ActiveCfg = Release|Any CPU
		{C323E1D3-7BD7-4BBC-B446-BADF5ABDBFCD}.Release|Any CPU.Build.0 = Release|Any CPU
		{ACDF816E-1B6F-4298-917E-A72042E38C2A}.Debug|Any CPU.ActiveCfg = Debug|Any CPU
		{ACDF816E-1B6F-4298-917E-A72042E38C2A}.Debug|Any CPU.Build.0 = Debug|Any CPU
		{ACDF816E-1B6F-4298-917E-A72042E38C2A}.Release|Any CPU.ActiveCfg = Release|Any CPU
		{ACDF816E-1B6F-4298-917E-A72042E38C2A}.Release|Any CPU.Build.0 = Release|Any CPU
		{AD7053C4-1368-4EF6-B216-2458F0EF8CF3}.Debug|Any CPU.ActiveCfg = Debug|Any CPU
		{AD7053C4-1368-4EF6-B216-2458F0EF8CF3}.Debug|Any CPU.Build.0 = Debug|Any CPU
		{AD7053C4-1368-4EF6-B216-2458F0EF8CF3}.Release|Any CPU.ActiveCfg = Release|Any CPU
		{AD7053C4-1368-4EF6-B216-2458F0EF8CF3}.Release|Any CPU.Build.0 = Release|Any CPU
		{6C509C7E-CF67-424B-8FD6-0D6B4CDAAAC5}.Debug|Any CPU.ActiveCfg = Debug|Any CPU
		{6C509C7E-CF67-424B-8FD6-0D6B4CDAAAC5}.Debug|Any CPU.Build.0 = Debug|Any CPU
		{6C509C7E-CF67-424B-8FD6-0D6B4CDAAAC5}.Release|Any CPU.ActiveCfg = Release|Any CPU
		{6C509C7E-CF67-424B-8FD6-0D6B4CDAAAC5}.Release|Any CPU.Build.0 = Release|Any CPU
		{526CE234-40D2-4F34-B45B-652EE7C1D9F3}.Debug|Any CPU.ActiveCfg = Debug|Any CPU
		{526CE234-40D2-4F34-B45B-652EE7C1D9F3}.Debug|Any CPU.Build.0 = Debug|Any CPU
		{526CE234-40D2-4F34-B45B-652EE7C1D9F3}.Release|Any CPU.ActiveCfg = Release|Any CPU
		{526CE234-40D2-4F34-B45B-652EE7C1D9F3}.Release|Any CPU.Build.0 = Release|Any CPU
	EndGlobalSection
	GlobalSection(SolutionProperties) = preSolution
		HideSolutionNode = FALSE
	EndGlobalSection
	GlobalSection(NestedProjects) = preSolution
		{109033F7-9304-4A27-B4A7-2ED1E66AB92C} = {85445F2E-3A1D-45A8-BAEB-B1EBDC738692}
		{46456E47-DD6B-48CC-A7FF-317F95E2E598} = {85445F2E-3A1D-45A8-BAEB-B1EBDC738692}
		{327DBD70-9C42-4189-999E-661C1E14BC87} = {109033F7-9304-4A27-B4A7-2ED1E66AB92C}
		{C323E1D3-7BD7-4BBC-B446-BADF5ABDBFCD} = {46456E47-DD6B-48CC-A7FF-317F95E2E598}
		{ACDF816E-1B6F-4298-917E-A72042E38C2A} = {85445F2E-3A1D-45A8-BAEB-B1EBDC738692}
		{AD7053C4-1368-4EF6-B216-2458F0EF8CF3} = {85445F2E-3A1D-45A8-BAEB-B1EBDC738692}
		{6C509C7E-CF67-424B-8FD6-0D6B4CDAAAC5} = {85445F2E-3A1D-45A8-BAEB-B1EBDC738692}
		{526CE234-40D2-4F34-B45B-652EE7C1D9F3} = {85445F2E-3A1D-45A8-BAEB-B1EBDC738692}
	EndGlobalSection
	GlobalSection(ExtensibilityGlobals) = postSolution
		SolutionGuid = {62BFD578-14E6-4A43-B95A-E30BC808AB6D}
	EndGlobalSection
EndGlobal
